
Microsoft Visual Studio Solution File, Format Version 12.00
# Visual Studio 15
VisualStudioVersion = 15.0.27428.2011
MinimumVisualStudioVersion = 10.0.40219.1
Project("{FAE04EC0-301F-11D3-BF4B-00C04F79EFBC}") = "AzureServiceSamples.Web", "AzureServiceSamples.Web\AzureServiceSamples.Web.csproj", "{D2C6633B-C29A-45BC-AAA3-7A89905D6DD0}"
EndProject
Project("{9A19103F-16F7-4668-BE54-9A1E7A4F7556}") = "AzureServiceSamples.BlobStorage", "AzureServiceSamples.BlobStorage\AzureServiceSamples.BlobStorage.csproj", "{B06DE5C0-A20C-4409-9B46-EE53D7237CDA}"
EndProject
Project("{9A19103F-16F7-4668-BE54-9A1E7A4F7556}") = "AzureServiceSamples.Common", "AzureServiceSamples.Common\AzureServiceSamples.Common.csproj", "{2957241D-FE6E-4A9C-A9AB-0558ADF03A17}"
EndProject
Project("{9A19103F-16F7-4668-BE54-9A1E7A4F7556}") = "AzureServiceSamples.WebCore", "AzureServiceSamples.WebCore\AzureServiceSamples.WebCore.csproj", "{B50DEBB5-2792-4D98-9021-8ECE8D93D46B}"
EndProject
Project("{FAE04EC0-301F-11D3-BF4B-00C04F79EFBC}") = "AzureServiceSamples.CosmosDb", "AzureServiceSamples.CosmosDb\AzureServiceSamples.CosmosDb.csproj", "{14515BFC-FDC5-4DA7-B421-00D3139AAE54}"
EndProject
Global
	GlobalSection(SolutionConfigurationPlatforms) = preSolution
		Debug|Any CPU = Debug|Any CPU
		Release|Any CPU = Release|Any CPU
	EndGlobalSection
	GlobalSection(ProjectConfigurationPlatforms) = postSolution
		{D2C6633B-C29A-45BC-AAA3-7A89905D6DD0}.Debug|Any CPU.ActiveCfg = Debug|Any CPU
		{D2C6633B-C29A-45BC-AAA3-7A89905D6DD0}.Debug|Any CPU.Build.0 = Debug|Any CPU
		{D2C6633B-C29A-45BC-AAA3-7A89905D6DD0}.Release|Any CPU.ActiveCfg = Release|Any CPU
		{D2C6633B-C29A-45BC-AAA3-7A89905D6DD0}.Release|Any CPU.Build.0 = Release|Any CPU
		{B06DE5C0-A20C-4409-9B46-EE53D7237CDA}.Debug|Any CPU.ActiveCfg = Debug|Any CPU
		{B06DE5C0-A20C-4409-9B46-EE53D7237CDA}.Debug|Any CPU.Build.0 = Debug|Any CPU
		{B06DE5C0-A20C-4409-9B46-EE53D7237CDA}.Release|Any CPU.ActiveCfg = Release|Any CPU
		{B06DE5C0-A20C-4409-9B46-EE53D7237CDA}.Release|Any CPU.Build.0 = Release|Any CPU
		{2957241D-FE6E-4A9C-A9AB-0558ADF03A17}.Debug|Any CPU.ActiveCfg = Debug|Any CPU
		{2957241D-FE6E-4A9C-A9AB-0558ADF03A17}.Debug|Any CPU.Build.0 = Debug|Any CPU
		{2957241D-FE6E-4A9C-A9AB-0558ADF03A17}.Release|Any CPU.ActiveCfg = Release|Any CPU
		{2957241D-FE6E-4A9C-A9AB-0558ADF03A17}.Release|Any CPU.Build.0 = Release|Any CPU
		{B50DEBB5-2792-4D98-9021-8ECE8D93D46B}.Debug|Any CPU.ActiveCfg = Debug|Any CPU
		{B50DEBB5-2792-4D98-9021-8ECE8D93D46B}.Debug|Any CPU.Build.0 = Debug|Any CPU
		{B50DEBB5-2792-4D98-9021-8ECE8D93D46B}.Release|Any CPU.ActiveCfg = Release|Any CPU
		{B50DEBB5-2792-4D98-9021-8ECE8D93D46B}.Release|Any CPU.Build.0 = Release|Any CPU
		{14515BFC-FDC5-4DA7-B421-00D3139AAE54}.Debug|Any CPU.ActiveCfg = Debug|Any CPU
		{14515BFC-FDC5-4DA7-B421-00D3139AAE54}.Debug|Any CPU.Build.0 = Debug|Any CPU
		{14515BFC-FDC5-4DA7-B421-00D3139AAE54}.Release|Any CPU.ActiveCfg = Release|Any CPU
		{14515BFC-FDC5-4DA7-B421-00D3139AAE54}.Release|Any CPU.Build.0 = Release|Any CPU
	EndGlobalSection
	GlobalSection(SolutionProperties) = preSolution
		HideSolutionNode = FALSE
	EndGlobalSection
	GlobalSection(ExtensibilityGlobals) = postSolution
		SolutionGuid = {F7B1527B-8729-44B3-B1FA-8748731BDD94}
	EndGlobalSection
EndGlobal
